
Microsoft Visual Studio Solution File, Format Version 12.00
# Visual Studio 15
VisualStudioVersion = 15.0.27703.2026
MinimumVisualStudioVersion = 10.0.40219.1
Project("{9A19103F-16F7-4668-BE54-9A1E7A4F7556}") = "DotNetCoreDI", "DotNetCoreDI\DotNetCoreDI.csproj", "{F5C80483-BB56-44EB-9448-2DA1CED99C3C}"
EndProject
Project("{9A19103F-16F7-4668-BE54-9A1E7A4F7556}") = "DotNetCoreConsoleDI", "DotNetCoreConsoleDI\DotNetCoreConsoleDI.csproj", "{DF05FFB5-CBE6-40CE-9182-E4EC75B5612C}"
EndProject
Global
	GlobalSection(SolutionConfigurationPlatforms) = preSolution
		Debug|Any CPU = Debug|Any CPU
		Release|Any CPU = Release|Any CPU
	EndGlobalSection
	GlobalSection(ProjectConfigurationPlatforms) = postSolution
		{F5C80483-BB56-44EB-9448-2DA1CED99C3C}.Debug|Any CPU.ActiveCfg = Debug|Any CPU
		{F5C80483-BB56-44EB-9448-2DA1CED99C3C}.Debug|Any CPU.Build.0 = Debug|Any CPU
		{F5C80483-BB56-44EB-9448-2DA1CED99C3C}.Release|Any CPU.ActiveCfg = Release|Any CPU
		{F5C80483-BB56-44EB-9448-2DA1CED99C3C}.Release|Any CPU.Build.0 = Release|Any CPU
		{DF05FFB5-CBE6-40CE-9182-E4EC75B5612C}.Debug|Any CPU.ActiveCfg = Debug|Any CPU
		{DF05FFB5-CBE6-40CE-9182-E4EC75B5612C}.Debug|Any CPU.Build.0 = Debug|Any CPU
		{DF05FFB5-CBE6-40CE-9182-E4EC75B5612C}.Release|Any CPU.ActiveCfg = Release|Any CPU
		{DF05FFB5-CBE6-40CE-9182-E4EC75B5612C}.Release|Any CPU.Build.0 = Release|Any CPU
	EndGlobalSection
	GlobalSection(SolutionProperties) = preSolution
		HideSolutionNode = FALSE
	EndGlobalSection
	GlobalSection(ExtensibilityGlobals) = postSolution
		SolutionGuid = {A71F8C21-7311-4DD7-818D-CA7A4D48D202}
	EndGlobalSection
EndGlobal
